
Microsoft Visual Studio Solution File, Format Version 12.00
# Visual Studio Version 16
VisualStudioVersion = 16.0.31205.134
MinimumVisualStudioVersion = 10.0.40219.1
Project("{9A19103F-16F7-4668-BE54-9A1E7A4F7556}") = "OOP1", "OOP1\OOP1.csproj", "{D38999AE-9BB9-468E-BC82-A891FDEE8B3D}"
EndProject
Project("{9A19103F-16F7-4668-BE54-9A1E7A4F7556}") = "Collections", "Collections\Collections.csproj", "{E02DFE23-CDC2-483C-9EC0-5439AB45E70B}"
EndProject
Project("{9A19103F-16F7-4668-BE54-9A1E7A4F7556}") = "GenericsIntro", "GenericsIntro\GenericsIntro.csproj", "{81D228D6-115E-42C0-A132-49F21AF26636}"
EndProject
Project("{9A19103F-16F7-4668-BE54-9A1E7A4F7556}") = "ReferenceTypes", "ReferenceTypes\ReferenceTypes.csproj", "{D641B964-E92D-44E7-8AC1-56D1D5C9CD1E}"
EndProject
Project("{9A19103F-16F7-4668-BE54-9A1E7A4F7556}") = "Constructors", "Constructors\Constructors.csproj", "{2A1422F9-7C80-4AA9-8C87-A8F768BF35A7}"
EndProject
Project("{9A19103F-16F7-4668-BE54-9A1E7A4F7556}") = "Generics", "Generics\Generics.csproj", "{7FC79DD4-C0EE-4D6B-939D-C0915DBEE1A5}"
EndProject
Project("{FAE04EC0-301F-11D3-BF4B-00C04F79EFBC}") = "OOP2", "OOP2\OOP2.csproj", "{EB88D041-3A8B-4BA9-B887-1A84730CC93E}"
EndProject
Project("{FAE04EC0-301F-11D3-BF4B-00C04F79EFBC}") = "OOP3", "OOP3\OOP3.csproj", "{3043C966-85F2-427D-A29C-009EEB3A64DC}"
EndProject
Global
	GlobalSection(SolutionConfigurationPlatforms) = preSolution
		Debug|Any CPU = Debug|Any CPU
		Release|Any CPU = Release|Any CPU
	EndGlobalSection
	GlobalSection(ProjectConfigurationPlatforms) = postSolution
		{D38999AE-9BB9-468E-BC82-A891FDEE8B3D}.Debug|Any CPU.ActiveCfg = Debug|Any CPU
		{D38999AE-9BB9-468E-BC82-A891FDEE8B3D}.Debug|Any CPU.Build.0 = Debug|Any CPU
		{D38999AE-9BB9-468E-BC82-A891FDEE8B3D}.Release|Any CPU.ActiveCfg = Release|Any CPU
		{D38999AE-9BB9-468E-BC82-A891FDEE8B3D}.Release|Any CPU.Build.0 = Release|Any CPU
		{E02DFE23-CDC2-483C-9EC0-5439AB45E70B}.Debug|Any CPU.ActiveCfg = Debug|Any CPU
		{E02DFE23-CDC2-483C-9EC0-5439AB45E70B}.Debug|Any CPU.Build.0 = Debug|Any CPU
		{E02DFE23-CDC2-483C-9EC0-5439AB45E70B}.Release|Any CPU.ActiveCfg = Release|Any CPU
		{E02DFE23-CDC2-483C-9EC0-5439AB45E70B}.Release|Any CPU.Build.0 = Release|Any CPU
		{81D228D6-115E-42C0-A132-49F21AF26636}.Debug|Any CPU.ActiveCfg = Debug|Any CPU
		{81D228D6-115E-42C0-A132-49F21AF26636}.Debug|Any CPU.Build.0 = Debug|Any CPU
		{81D228D6-115E-42C0-A132-49F21AF26636}.Release|Any CPU.ActiveCfg = Release|Any CPU
		{81D228D6-115E-42C0-A132-49F21AF26636}.Release|Any CPU.Build.0 = Release|Any CPU
		{D641B964-E92D-44E7-8AC1-56D1D5C9CD1E}.Debug|Any CPU.ActiveCfg = Debug|Any CPU
		{D641B964-E92D-44E7-8AC1-56D1D5C9CD1E}.Debug|Any CPU.Build.0 = Debug|Any CPU
		{D641B964-E92D-44E7-8AC1-56D1D5C9CD1E}.Release|Any CPU.ActiveCfg = Release|Any CPU
		{D641B964-E92D-44E7-8AC1-56D1D5C9CD1E}.Release|Any CPU.Build.0 = Release|Any CPU
		{2A1422F9-7C80-4AA9-8C87-A8F768BF35A7}.Debug|Any CPU.ActiveCfg = Debug|Any CPU
		{2A1422F9-7C80-4AA9-8C87-A8F768BF35A7}.Debug|Any CPU.Build.0 = Debug|Any CPU
		{2A1422F9-7C80-4AA9-8C87-A8F768BF35A7}.Release|Any CPU.ActiveCfg = Release|Any CPU
		{2A1422F9-7C80-4AA9-8C87-A8F768BF35A7}.Release|Any CPU.Build.0 = Release|Any CPU
		{7FC79DD4-C0EE-4D6B-939D-C0915DBEE1A5}.Debug|Any CPU.ActiveCfg = Debug|Any CPU
		{7FC79DD4-C0EE-4D6B-939D-C0915DBEE1A5}.Debug|Any CPU.Build.0 = Debug|Any CPU
		{7FC79DD4-C0EE-4D6B-939D-C0915DBEE1A5}.Release|Any CPU.ActiveCfg = Release|Any CPU
		{7FC79DD4-C0EE-4D6B-939D-C0915DBEE1A5}.Release|Any CPU.Build.0 = Release|Any CPU
		{EB88D041-3A8B-4BA9-B887-1A84730CC93E}.Debug|Any CPU.ActiveCfg = Debug|Any CPU
		{EB88D041-3A8B-4BA9-B887-1A84730CC93E}.Debug|Any CPU.Build.0 = Debug|Any CPU
		{EB88D041-3A8B-4BA9-B887-1A84730CC93E}.Release|Any CPU.ActiveCfg = Release|Any CPU
		{EB88D041-3A8B-4BA9-B887-1A84730CC93E}.Release|Any CPU.Build.0 = Release|Any CPU
		{3043C966-85F2-427D-A29C-009EEB3A64DC}.Debug|Any CPU.ActiveCfg = Debug|Any CPU
		{3043C966-85F2-427D-A29C-009EEB3A64DC}.Debug|Any CPU.Build.0 = Debug|Any CPU
		{3043C966-85F2-427D-A29C-009EEB3A64DC}.Release|Any CPU.ActiveCfg = Release|Any CPU
		{3043C966-85F2-427D-A29C-009EEB3A64DC}.Release|Any CPU.Build.0 = Release|Any CPU
	EndGlobalSection
	GlobalSection(SolutionProperties) = preSolution
		HideSolutionNode = FALSE
	EndGlobalSection
	GlobalSection(ExtensibilityGlobals) = postSolution
		SolutionGuid = {737811DA-D67F-4B1F-9D27-D2DA5448C47E}
	EndGlobalSection
EndGlobal
